
Microsoft Visual Studio Solution File, Format Version 12.00
# Visual Studio 2013
VisualStudioVersion = 12.0.21005.1
MinimumVisualStudioVersion = 10.0.40219.1
Project("{F184B08F-C81C-45F6-A57F-5ABD9991F28F}") = "ProgramaTesis", "WindowsApplication1\ProgramaTesis.vbproj", "{151682D5-188A-4544-9507-94FD255A65B3}"
EndProject
Global
	GlobalSection(SolutionConfigurationPlatforms) = preSolution
		Debug|Any CPU = Debug|Any CPU
		Release|Any CPU = Release|Any CPU
	EndGlobalSection
	GlobalSection(ProjectConfigurationPlatforms) = postSolution
		{151682D5-188A-4544-9507-94FD255A65B3}.Debug|Any CPU.ActiveCfg = Debug|Any CPU
		{151682D5-188A-4544-9507-94FD255A65B3}.Debug|Any CPU.Build.0 = Debug|Any CPU
		{151682D5-188A-4544-9507-94FD255A65B3}.Release|Any CPU.ActiveCfg = Release|Any CPU
		{151682D5-188A-4544-9507-94FD255A65B3}.Release|Any CPU.Build.0 = Release|Any CPU
	EndGlobalSection
	GlobalSection(SolutionProperties) = preSolution
		HideSolutionNode = FALSE
	EndGlobalSection
EndGlobal
